
Microsoft Visual Studio Solution File, Format Version 12.00
# Visual Studio Version 16
VisualStudioVersion = 16.0.30517.126
MinimumVisualStudioVersion = 10.0.40219.1
Project("{9A19103F-16F7-4668-BE54-9A1E7A4F7556}") = "JSlackLog", "JSlackLog\JSlackLog.csproj", "{C16184E3-BDF3-44D1-A1A4-62FECE7515C5}"
EndProject
Project("{FAE04EC0-301F-11D3-BF4B-00C04F79EFBC}") = "JSlackLog.Example", "JSlackLog.Example\JSlackLog.Example.csproj", "{885FBF8C-ACA2-42EA-90F7-BD02D35779B6}"
EndProject
Global
	GlobalSection(SolutionConfigurationPlatforms) = preSolution
		Debug|Any CPU = Debug|Any CPU
		Release|Any CPU = Release|Any CPU
	EndGlobalSection
	GlobalSection(ProjectConfigurationPlatforms) = postSolution
		{C16184E3-BDF3-44D1-A1A4-62FECE7515C5}.Debug|Any CPU.ActiveCfg = Debug|Any CPU
		{C16184E3-BDF3-44D1-A1A4-62FECE7515C5}.Debug|Any CPU.Build.0 = Debug|Any CPU
		{C16184E3-BDF3-44D1-A1A4-62FECE7515C5}.Release|Any CPU.ActiveCfg = Release|Any CPU
		{C16184E3-BDF3-44D1-A1A4-62FECE7515C5}.Release|Any CPU.Build.0 = Release|Any CPU
		{885FBF8C-ACA2-42EA-90F7-BD02D35779B6}.Debug|Any CPU.ActiveCfg = Debug|Any CPU
		{885FBF8C-ACA2-42EA-90F7-BD02D35779B6}.Debug|Any CPU.Build.0 = Debug|Any CPU
		{885FBF8C-ACA2-42EA-90F7-BD02D35779B6}.Release|Any CPU.ActiveCfg = Release|Any CPU
		{885FBF8C-ACA2-42EA-90F7-BD02D35779B6}.Release|Any CPU.Build.0 = Release|Any CPU
	EndGlobalSection
	GlobalSection(SolutionProperties) = preSolution
		HideSolutionNode = FALSE
	EndGlobalSection
	GlobalSection(ExtensibilityGlobals) = postSolution
		SolutionGuid = {8206797B-AF2D-44F5-AE09-7C2B35B2CFC4}
	EndGlobalSection
EndGlobal
